{
  "pins" : [
    {
      "identity" : "wallet-ios-sdk",
      "kind" : "remoteSourceControl",
      "location" : "https://github.com/Greenstand/wallet-ios-sdk.git",
      "state" : {
        "branch" : "main",
        "revision" : "8c759e754c3861ba596d427cb384b91bf5b356d3"
      }
    }
  ],
  "version" : 2
}
