{
  "pins" : [
    {
      "identity" : "wallet-ios-sdk",
      "kind" : "remoteSourceControl",
      "location" : "https://github.com/Greenstand/wallet-ios-sdk.git",
      "state" : {
        "branch" : "main",
        "revision" : "3e6e2571a7849d45927dbf72264e8db7f5222562"
      }
    }
  ],
  "version" : 2
}
